
Microsoft Visual Studio Solution File, Format Version 12.00
# Visual Studio Version 16
VisualStudioVersion = 16.0.30804.86
MinimumVisualStudioVersion = 10.0.40219.1
Project("{FAE04EC0-301F-11D3-BF4B-00C04F79EFBC}") = "Task 1", "Task 1\Task 1.csproj", "{8F929A80-6609-4508-AE86-4B2E7595F2E5}"
EndProject
Global
	GlobalSection(SolutionConfigurationPlatforms) = preSolution
		Debug|Any CPU = Debug|Any CPU
		Release|Any CPU = Release|Any CPU
	EndGlobalSection
	GlobalSection(ProjectConfigurationPlatforms) = postSolution
		{8F929A80-6609-4508-AE86-4B2E7595F2E5}.Debug|Any CPU.ActiveCfg = Debug|Any CPU
		{8F929A80-6609-4508-AE86-4B2E7595F2E5}.Debug|Any CPU.Build.0 = Debug|Any CPU
		{8F929A80-6609-4508-AE86-4B2E7595F2E5}.Release|Any CPU.ActiveCfg = Release|Any CPU
		{8F929A80-6609-4508-AE86-4B2E7595F2E5}.Release|Any CPU.Build.0 = Release|Any CPU
	EndGlobalSection
	GlobalSection(SolutionProperties) = preSolution
		HideSolutionNode = FALSE
	EndGlobalSection
	GlobalSection(ExtensibilityGlobals) = postSolution
		SolutionGuid = {F1AE1B53-1CD7-4110-8E51-F6846DE821D8}
	EndGlobalSection
EndGlobal
