
Microsoft Visual Studio Solution File, Format Version 12.00
# Visual Studio Version 16
VisualStudioVersion = 16.0.30804.86
MinimumVisualStudioVersion = 10.0.40219.1
Project("{FAE04EC0-301F-11D3-BF4B-00C04F79EFBC}") = "Task 5", "Task 5\Task 5.csproj", "{52B8C717-BBE0-4A87-9C4D-EE1D9C417F61}"
EndProject
Global
	GlobalSection(SolutionConfigurationPlatforms) = preSolution
		Debug|Any CPU = Debug|Any CPU
		Release|Any CPU = Release|Any CPU
	EndGlobalSection
	GlobalSection(ProjectConfigurationPlatforms) = postSolution
		{52B8C717-BBE0-4A87-9C4D-EE1D9C417F61}.Debug|Any CPU.ActiveCfg = Debug|Any CPU
		{52B8C717-BBE0-4A87-9C4D-EE1D9C417F61}.Debug|Any CPU.Build.0 = Debug|Any CPU
		{52B8C717-BBE0-4A87-9C4D-EE1D9C417F61}.Release|Any CPU.ActiveCfg = Release|Any CPU
		{52B8C717-BBE0-4A87-9C4D-EE1D9C417F61}.Release|Any CPU.Build.0 = Release|Any CPU
	EndGlobalSection
	GlobalSection(SolutionProperties) = preSolution
		HideSolutionNode = FALSE
	EndGlobalSection
	GlobalSection(ExtensibilityGlobals) = postSolution
		SolutionGuid = {36D3A1C6-CE91-4DA7-A7DB-714D819A2F4A}
	EndGlobalSection
EndGlobal
