
Microsoft Visual Studio Solution File, Format Version 12.00
# Visual Studio Version 16
VisualStudioVersion = 16.0.30804.86
MinimumVisualStudioVersion = 10.0.40219.1
Project("{FAE04EC0-301F-11D3-BF4B-00C04F79EFBC}") = "LAB7", "LAB7\LAB7.csproj", "{F76E4E50-03B6-4770-ADE5-F27EBF866D6A}"
EndProject
Global
	GlobalSection(SolutionConfigurationPlatforms) = preSolution
		Debug|Any CPU = Debug|Any CPU
		Release|Any CPU = Release|Any CPU
	EndGlobalSection
	GlobalSection(ProjectConfigurationPlatforms) = postSolution
		{F76E4E50-03B6-4770-ADE5-F27EBF866D6A}.Debug|Any CPU.ActiveCfg = Debug|Any CPU
		{F76E4E50-03B6-4770-ADE5-F27EBF866D6A}.Debug|Any CPU.Build.0 = Debug|Any CPU
		{F76E4E50-03B6-4770-ADE5-F27EBF866D6A}.Release|Any CPU.ActiveCfg = Release|Any CPU
		{F76E4E50-03B6-4770-ADE5-F27EBF866D6A}.Release|Any CPU.Build.0 = Release|Any CPU
	EndGlobalSection
	GlobalSection(SolutionProperties) = preSolution
		HideSolutionNode = FALSE
	EndGlobalSection
	GlobalSection(ExtensibilityGlobals) = postSolution
		SolutionGuid = {4C94B2DE-0271-4821-BAF7-5341E0608475}
	EndGlobalSection
EndGlobal
